{
  "name": "joi-transform",
  "version": "0.0.1",
  "dependencies": {
    "bluebird": {
      "version": "3.1.1",
      "from": "bluebird@latest",
      "resolved": "https://npm.lifeplansdev.com/bluebird/-/bluebird-3.1.1.tgz"
    },
    "commander": {
      "version": "2.3.0",
      "from": "commander@2.3.0",
      "resolved": "https://npm.lifeplansdev.com/commander/-/commander-2.3.0.tgz"
    },
    "debug": {
      "version": "2.2.0",
      "from": "debug@2.2.0",
      "resolved": "https://npm.lifeplansdev.com/debug/-/debug-2.2.0.tgz"
    },
    "dependency-graph": {
      "version": "0.4.1",
      "from": "dependency-graph@latest",
      "resolved": "https://npm.lifeplansdev.com/dependency-graph/-/dependency-graph-0.4.1.tgz"
    },
    "diff": {
      "version": "1.4.0",
      "from": "diff@1.4.0",
      "resolved": "https://npm.lifeplansdev.com/diff/-/diff-1.4.0.tgz"
    },
    "escape-string-regexp": {
      "version": "1.0.2",
      "from": "escape-string-regexp@1.0.2",
      "resolved": "https://npm.lifeplansdev.com/escape-string-regexp/-/escape-string-regexp-1.0.2.tgz"
    },
    "glob": {
      "version": "3.2.3",
      "from": "glob@3.2.3",
      "resolved": "https://npm.lifeplansdev.com/glob/-/glob-3.2.3.tgz"
    },
    "graceful-fs": {
      "version": "2.0.3",
      "from": "graceful-fs@>=2.0.0 <2.1.0",
      "resolved": "https://npm.lifeplansdev.com/graceful-fs/-/graceful-fs-2.0.3.tgz"
    },
    "growl": {
      "version": "1.8.1",
      "from": "growl@1.8.1",
      "resolved": "https://npm.lifeplansdev.com/growl/-/growl-1.8.1.tgz"
    },
    "hoek": {
      "version": "3.0.4",
      "from": "hoek@>=3.0.0 <4.0.0",
      "resolved": "https://npm.lifeplansdev.com/hoek/-/hoek-3.0.4.tgz"
    },
    "inherits": {
      "version": "2.0.1",
      "from": "inherits@>=2.0.0 <3.0.0",
      "resolved": "https://npm.lifeplansdev.com/inherits/-/inherits-2.0.1.tgz"
    },
    "isemail": {
      "version": "2.1.0",
      "from": "isemail@>=2.0.0 <3.0.0",
      "resolved": "https://npm.lifeplansdev.com/isemail/-/isemail-2.1.0.tgz"
    },
    "jade": {
      "version": "0.26.3",
      "from": "jade@0.26.3",
      "resolved": "https://npm.lifeplansdev.com/jade/-/jade-0.26.3.tgz",
      "dependencies": {
        "commander": {
          "version": "0.6.1",
          "from": "commander@0.6.1",
          "resolved": "https://npm.lifeplansdev.com/commander/-/commander-0.6.1.tgz"
        },
        "mkdirp": {
          "version": "0.3.0",
          "from": "mkdirp@0.3.0",
          "resolved": "https://npm.lifeplansdev.com/mkdirp/-/mkdirp-0.3.0.tgz"
        }
      }
    },
    "joi": {
      "version": "7.2.1",
      "from": "joi@latest",
      "resolved": "https://npm.lifeplansdev.com/joi/-/joi-7.2.1.tgz"
    },
    "lodash": {
      "version": "4.0.0",
      "from": "lodash@latest",
      "resolved": "https://npm.lifeplansdev.com/lodash/-/lodash-4.0.0.tgz"
    },
    "lru-cache": {
      "version": "2.7.3",
      "from": "lru-cache@>=2.0.0 <3.0.0",
      "resolved": "https://npm.lifeplansdev.com/lru-cache/-/lru-cache-2.7.3.tgz"
    },
    "minimatch": {
      "version": "0.2.14",
      "from": "minimatch@>=0.2.11 <0.3.0",
      "resolved": "https://npm.lifeplansdev.com/minimatch/-/minimatch-0.2.14.tgz"
    },
    "minimist": {
      "version": "0.0.8",
      "from": "minimist@0.0.8",
      "resolved": "https://npm.lifeplansdev.com/minimist/-/minimist-0.0.8.tgz"
    },
    "mkdirp": {
      "version": "0.5.0",
      "from": "mkdirp@0.5.0",
      "resolved": "https://npm.lifeplansdev.com/mkdirp/-/mkdirp-0.5.0.tgz"
    },
    "moment": {
      "version": "2.11.1",
      "from": "moment@>=2.0.0 <3.0.0",
      "resolved": "https://npm.lifeplansdev.com/moment/-/moment-2.11.1.tgz"
    },
    "ms": {
      "version": "0.7.1",
      "from": "ms@0.7.1",
      "resolved": "https://npm.lifeplansdev.com/ms/-/ms-0.7.1.tgz"
    },
    "sigmund": {
      "version": "1.0.1",
      "from": "sigmund@>=1.0.0 <1.1.0",
      "resolved": "https://npm.lifeplansdev.com/sigmund/-/sigmund-1.0.1.tgz"
    },
    "supports-color": {
      "version": "1.2.0",
      "from": "supports-color@1.2.0",
      "resolved": "https://npm.lifeplansdev.com/supports-color/-/supports-color-1.2.0.tgz"
    },
    "topo": {
      "version": "2.0.0",
      "from": "topo@>=2.0.0 <3.0.0",
      "resolved": "https://npm.lifeplansdev.com/topo/-/topo-2.0.0.tgz"
    }
  }
}
